
Microsoft Visual Studio Solution File, Format Version 12.00
# Visual Studio Version 17
VisualStudioVersion = 17.5.33627.172
MinimumVisualStudioVersion = 10.0.40219.1
Project("{9A19103F-16F7-4668-BE54-9A1E7A4F7556}") = "GameEngine", "GameEngine\GameEngine.csproj", "{B48CADAF-65F5-4FDD-B104-0990F50D000D}"
EndProject
Project("{9A19103F-16F7-4668-BE54-9A1E7A4F7556}") = "SnakeGamePuc", "SnakeGamePuc\SnakeGamePuc.csproj", "{23B2B7BE-8092-4A04-A6A4-83E4EC8C085F}"
EndProject
Project("{9A19103F-16F7-4668-BE54-9A1E7A4F7556}") = "GameEngineASCIIRenderer", "GameEngineASCIIRenderer\GameEngineASCIIRenderer.csproj", "{4F4EF298-CAB5-430C-8F3C-204918153C09}"
EndProject
Project("{FAE04EC0-301F-11D3-BF4B-00C04F79EFBC}") = "GameEngineDebugger", "GameEngineDebugger\GameEngineDebugger.csproj", "{CA80FBF9-DD79-43DD-B1A0-72ADF491BAD8}"
EndProject
Global
	GlobalSection(SolutionConfigurationPlatforms) = preSolution
		Debug|Any CPU = Debug|Any CPU
		Release|Any CPU = Release|Any CPU
	EndGlobalSection
	GlobalSection(ProjectConfigurationPlatforms) = postSolution
		{B48CADAF-65F5-4FDD-B104-0990F50D000D}.Debug|Any CPU.ActiveCfg = Debug|Any CPU
		{B48CADAF-65F5-4FDD-B104-0990F50D000D}.Debug|Any CPU.Build.0 = Debug|Any CPU
		{B48CADAF-65F5-4FDD-B104-0990F50D000D}.Release|Any CPU.ActiveCfg = Release|Any CPU
		{B48CADAF-65F5-4FDD-B104-0990F50D000D}.Release|Any CPU.Build.0 = Release|Any CPU
		{23B2B7BE-8092-4A04-A6A4-83E4EC8C085F}.Debug|Any CPU.ActiveCfg = Debug|Any CPU
		{23B2B7BE-8092-4A04-A6A4-83E4EC8C085F}.Debug|Any CPU.Build.0 = Debug|Any CPU
		{23B2B7BE-8092-4A04-A6A4-83E4EC8C085F}.Release|Any CPU.ActiveCfg = Release|Any CPU
		{23B2B7BE-8092-4A04-A6A4-83E4EC8C085F}.Release|Any CPU.Build.0 = Release|Any CPU
		{4F4EF298-CAB5-430C-8F3C-204918153C09}.Debug|Any CPU.ActiveCfg = Debug|Any CPU
		{4F4EF298-CAB5-430C-8F3C-204918153C09}.Debug|Any CPU.Build.0 = Debug|Any CPU
		{4F4EF298-CAB5-430C-8F3C-204918153C09}.Release|Any CPU.ActiveCfg = Release|Any CPU
		{4F4EF298-CAB5-430C-8F3C-204918153C09}.Release|Any CPU.Build.0 = Release|Any CPU
		{CA80FBF9-DD79-43DD-B1A0-72ADF491BAD8}.Debug|Any CPU.ActiveCfg = Debug|Any CPU
		{CA80FBF9-DD79-43DD-B1A0-72ADF491BAD8}.Debug|Any CPU.Build.0 = Debug|Any CPU
		{CA80FBF9-DD79-43DD-B1A0-72ADF491BAD8}.Release|Any CPU.ActiveCfg = Release|Any CPU
		{CA80FBF9-DD79-43DD-B1A0-72ADF491BAD8}.Release|Any CPU.Build.0 = Release|Any CPU
	EndGlobalSection
	GlobalSection(SolutionProperties) = preSolution
		HideSolutionNode = FALSE
	EndGlobalSection
	GlobalSection(ExtensibilityGlobals) = postSolution
		SolutionGuid = {3562E86D-200E-47FA-8E9A-DD23A1F8A677}
	EndGlobalSection
EndGlobal
